// !$*UTF8*$!
{
	archiveVersion = 1;
	classes = {
	};
	objectVersion = 46;
	objects = {

/* Begin PBXBuildFile section */
		A304DF0F1C7EE20800A2CB35 /* Operation.swift in Sources */ = {isa = PBXBuildFile; fileRef = A304DF0E1C7EE20800A2CB35 /* Operation.swift */; };
		A30C5F7B1BFD7AFE0084FF49 /* LICENSE in Resources */ = {isa = PBXBuildFile; fileRef = A30C5F791BFD7AFE0084FF49 /* LICENSE */; };
		A3A9B0391D16029B00701E0F /* OperationQueue.swift in Sources */ = {isa = PBXBuildFile; fileRef = A3A9B0381D16029B00701E0F /* OperationQueue.swift */; };
		A3ABA7001C7ED09A00CB1C11 /* Filter.swift in Sources */ = {isa = PBXBuildFile; fileRef = A3ABA6FF1C7ED09A00CB1C11 /* Filter.swift */; };
		A3ABA7021C7ED20500CB1C11 /* ScaleFilter.swift in Sources */ = {isa = PBXBuildFile; fileRef = A3ABA7011C7ED20500CB1C11 /* ScaleFilter.swift */; };
		A3EBD9761C7D23EB0027FF0A /* Haitch.framework in Frameworks */ = {isa = PBXBuildFile; fileRef = A3EBD9751C7D23EB0027FF0A /* Haitch.framework */; };
		A3F8CD5B1C7D05A000C5E8B5 /* Ripper.swift in Sources */ = {isa = PBXBuildFile; fileRef = A3F8CD581C7D05A000C5E8B5 /* Ripper.swift */; };
		A3F8CD5C1C7D05A000C5E8B5 /* ImageFetcher.swift in Sources */ = {isa = PBXBuildFile; fileRef = A3F8CD591C7D05A000C5E8B5 /* ImageFetcher.swift */; };
		A3F8CD5D1C7D05A000C5E8B5 /* UIImage+Ripper.swift in Sources */ = {isa = PBXBuildFile; fileRef = A3F8CD5A1C7D05A000C5E8B5 /* UIImage+Ripper.swift */; };
/* End PBXBuildFile section */

/* Begin PBXFileReference section */
		A3034B801BFD61F4003F8705 /* Ripper.framework */ = {isa = PBXFileReference; explicitFileType = wrapper.framework; includeInIndex = 0; path = Ripper.framework; sourceTree = BUILT_PRODUCTS_DIR; };
		A304DF0E1C7EE20800A2CB35 /* Operation.swift */ = {isa = PBXFileReference; fileEncoding = 4; lastKnownFileType = sourcecode.swift; path = Operation.swift; sourceTree = "<group>"; };
		A30C5F791BFD7AFE0084FF49 /* LICENSE */ = {isa = PBXFileReference; fileEncoding = 4; lastKnownFileType = text; path = LICENSE; sourceTree = "<group>"; };
		A30C5F7A1BFD7AFE0084FF49 /* README.md */ = {isa = PBXFileReference; fileEncoding = 4; lastKnownFileType = net.daringfireball.markdown; path = README.md; sourceTree = "<group>"; };
		A39215BA1CA7AD730095634C /* Cartfile */ = {isa = PBXFileReference; fileEncoding = 4; lastKnownFileType = text; path = Cartfile; sourceTree = "<group>"; };
		A3A9B0381D16029B00701E0F /* OperationQueue.swift */ = {isa = PBXFileReference; fileEncoding = 4; lastKnownFileType = sourcecode.swift; path = OperationQueue.swift; sourceTree = "<group>"; };
		A3ABA6FF1C7ED09A00CB1C11 /* Filter.swift */ = {isa = PBXFileReference; fileEncoding = 4; lastKnownFileType = sourcecode.swift; path = Filter.swift; sourceTree = "<group>"; };
		A3ABA7011C7ED20500CB1C11 /* ScaleFilter.swift */ = {isa = PBXFileReference; fileEncoding = 4; lastKnownFileType = sourcecode.swift; path = ScaleFilter.swift; sourceTree = "<group>"; };
		A3EBD9751C7D23EB0027FF0A /* Haitch.framework */ = {isa = PBXFileReference; lastKnownFileType = wrapper.framework; name = Haitch.framework; path = Carthage/Build/iOS/Haitch.framework; sourceTree = "<group>"; };
		A3F8CD581C7D05A000C5E8B5 /* Ripper.swift */ = {isa = PBXFileReference; fileEncoding = 4; lastKnownFileType = sourcecode.swift; path = Ripper.swift; sourceTree = "<group>"; };
		A3F8CD591C7D05A000C5E8B5 /* ImageFetcher.swift */ = {isa = PBXFileReference; fileEncoding = 4; lastKnownFileType = sourcecode.swift; path = ImageFetcher.swift; sourceTree = "<group>"; };
		A3F8CD5A1C7D05A000C5E8B5 /* UIImage+Ripper.swift */ = {isa = PBXFileReference; fileEncoding = 4; lastKnownFileType = sourcecode.swift; path = "UIImage+Ripper.swift"; sourceTree = "<group>"; };
/* End PBXFileReference section */

/* Begin PBXFrameworksBuildPhase section */
		A3034B7C1BFD61F4003F8705 /* Frameworks */ = {
			isa = PBXFrameworksBuildPhase;
			buildActionMask = 2147483647;
			files = (
				A3EBD9761C7D23EB0027FF0A /* Haitch.framework in Frameworks */,
			);
			runOnlyForDeploymentPostprocessing = 0;
		};
/* End PBXFrameworksBuildPhase section */

/* Begin PBXGroup section */
		A3034B761BFD61F4003F8705 = {
			isa = PBXGroup;
			children = (
				A3F8CD571C7D05A000C5E8B5 /* Source */,
				A3EBD96A1C7D23750027FF0A /* Library */,
				A3034B811BFD61F4003F8705 /* Products */,
				A39215BA1CA7AD730095634C /* Cartfile */,
				A30C5F791BFD7AFE0084FF49 /* LICENSE */,
				A30C5F7A1BFD7AFE0084FF49 /* README.md */,
			);
			sourceTree = "<group>";
		};
		A3034B811BFD61F4003F8705 /* Products */ = {
			isa = PBXGroup;
			children = (
				A3034B801BFD61F4003F8705 /* Ripper.framework */,
			);
			name = Products;
			sourceTree = "<group>";
		};
		A304DF0D1C7EE1F500A2CB35 /* Requests */ = {
			isa = PBXGroup;
			children = (
				A304DF0E1C7EE20800A2CB35 /* Operation.swift */,
				A3A9B0381D16029B00701E0F /* OperationQueue.swift */,
			);
			name = Requests;
			sourceTree = "<group>";
		};
		A3ABA6FC1C7ED04F00CB1C11 /* Extensions */ = {
			isa = PBXGroup;
			children = (
				A3F8CD5A1C7D05A000C5E8B5 /* UIImage+Ripper.swift */,
			);
			name = Extensions;
			sourceTree = "<group>";
		};
		A3ABA6FD1C7ED06100CB1C11 /* Network */ = {
			isa = PBXGroup;
			children = (
				A3F8CD591C7D05A000C5E8B5 /* ImageFetcher.swift */,
			);
			name = Network;
			sourceTree = "<group>";
		};
		A3ABA6FE1C7ED07300CB1C11 /* Filters */ = {
			isa = PBXGroup;
			children = (
				A3ABA6FF1C7ED09A00CB1C11 /* Filter.swift */,
				A3ABA7011C7ED20500CB1C11 /* ScaleFilter.swift */,
			);
			name = Filters;
			sourceTree = "<group>";
		};
		A3EBD96A1C7D23750027FF0A /* Library */ = {
			isa = PBXGroup;
			children = (
				A3EBD9751C7D23EB0027FF0A /* Haitch.framework */,
			);
			name = Library;
			sourceTree = "<group>";
		};
		A3F8CD571C7D05A000C5E8B5 /* Source */ = {
			isa = PBXGroup;
			children = (
				A3ABA6FC1C7ED04F00CB1C11 /* Extensions */,
				A3ABA6FE1C7ED07300CB1C11 /* Filters */,
				A3ABA6FD1C7ED06100CB1C11 /* Network */,
				A304DF0D1C7EE1F500A2CB35 /* Requests */,
				A3F8CD581C7D05A000C5E8B5 /* Ripper.swift */,
			);
			path = Source;
			sourceTree = "<group>";
		};
/* End PBXGroup section */

/* Begin PBXHeadersBuildPhase section */
		A3034B7D1BFD61F4003F8705 /* Headers */ = {
			isa = PBXHeadersBuildPhase;
			buildActionMask = 2147483647;
			files = (
			);
			runOnlyForDeploymentPostprocessing = 0;
		};
/* End PBXHeadersBuildPhase section */

/* Begin PBXNativeTarget section */
		A3034B7F1BFD61F4003F8705 /* Ripper iOS */ = {
			isa = PBXNativeTarget;
			buildConfigurationList = A3034B881BFD61F4003F8705 /* Build configuration list for PBXNativeTarget "Ripper iOS" */;
			buildPhases = (
				A3034B7B1BFD61F4003F8705 /* Sources */,
				A3034B7C1BFD61F4003F8705 /* Frameworks */,
				A3034B7D1BFD61F4003F8705 /* Headers */,
				A3034B7E1BFD61F4003F8705 /* Resources */,
			);
			buildRules = (
			);
			dependencies = (
			);
			name = "Ripper iOS";
			productName = "Haitch iOS";
			productReference = A3034B801BFD61F4003F8705 /* Ripper.framework */;
			productType = "com.apple.product-type.framework";
		};
/* End PBXNativeTarget section */

/* Begin PBXProject section */
		A3034B771BFD61F4003F8705 /* Project object */ = {
			isa = PBXProject;
			attributes = {
				LastUpgradeCheck = 0710;
				ORGANIZATIONNAME = "Posse Productions LLC";
				TargetAttributes = {
					A3034B7F1BFD61F4003F8705 = {
						CreatedOnToolsVersion = 7.1.1;
					};
				};
			};
			buildConfigurationList = A3034B7A1BFD61F4003F8705 /* Build configuration list for PBXProject "Ripper" */;
			compatibilityVersion = "Xcode 3.2";
			developmentRegion = English;
			hasScannedForEncodings = 0;
			knownRegions = (
				en,
			);
			mainGroup = A3034B761BFD61F4003F8705;
			productRefGroup = A3034B811BFD61F4003F8705 /* Products */;
			projectDirPath = "";
			projectRoot = "";
			targets = (
				A3034B7F1BFD61F4003F8705 /* Ripper iOS */,
			);
		};
/* End PBXProject section */

/* Begin PBXResourcesBuildPhase section */
		A3034B7E1BFD61F4003F8705 /* Resources */ = {
			isa = PBXResourcesBuildPhase;
			buildActionMask = 2147483647;
			files = (
				A30C5F7B1BFD7AFE0084FF49 /* LICENSE in Resources */,
			);
			runOnlyForDeploymentPostprocessing = 0;
		};
/* End PBXResourcesBuildPhase section */

/* Begin PBXSourcesBuildPhase section */
		A3034B7B1BFD61F4003F8705 /* Sources */ = {
			isa = PBXSourcesBuildPhase;
			buildActionMask = 2147483647;
			files = (
				A3A9B0391D16029B00701E0F /* OperationQueue.swift in Sources */,
				A3F8CD5B1C7D05A000C5E8B5 /* Ripper.swift in Sources */,
				A3ABA7001C7ED09A00CB1C11 /* Filter.swift in Sources */,
				A3ABA7021C7ED20500CB1C11 /* ScaleFilter.swift in Sources */,
				A3F8CD5C1C7D05A000C5E8B5 /* ImageFetcher.swift in Sources */,
				A3F8CD5D1C7D05A000C5E8B5 /* UIImage+Ripper.swift in Sources */,
				A304DF0F1C7EE20800A2CB35 /* Operation.swift in Sources */,
			);
			runOnlyForDeploymentPostprocessing = 0;
		};
/* End PBXSourcesBuildPhase section */

/* Begin XCBuildConfiguration section */
		A3034B861BFD61F4003F8705 /* Debug */ = {
			isa = XCBuildConfiguration;
			buildSettings = {
				ALWAYS_SEARCH_USER_PATHS = NO;
				CLANG_CXX_LANGUAGE_STANDARD = "gnu++0x";
				CLANG_CXX_LIBRARY = "libc++";
				CLANG_ENABLE_MODULES = YES;
				CLANG_ENABLE_OBJC_ARC = YES;
				CLANG_WARN_BOOL_CONVERSION = YES;
				CLANG_WARN_CONSTANT_CONVERSION = YES;
				CLANG_WARN_DIRECT_OBJC_ISA_USAGE = YES_ERROR;
				CLANG_WARN_EMPTY_BODY = YES;
				CLANG_WARN_ENUM_CONVERSION = YES;
				CLANG_WARN_INT_CONVERSION = YES;
				CLANG_WARN_OBJC_ROOT_CLASS = YES_ERROR;
				CLANG_WARN_UNREACHABLE_CODE = YES;
				CLANG_WARN__DUPLICATE_METHOD_MATCH = YES;
				"CODE_SIGN_IDENTITY[sdk=iphoneos*]" = "iPhone Developer";
				COPY_PHASE_STRIP = NO;
				CURRENT_PROJECT_VERSION = 1;
				DEBUG_INFORMATION_FORMAT = dwarf;
				ENABLE_STRICT_OBJC_MSGSEND = YES;
				ENABLE_TESTABILITY = YES;
				GCC_C_LANGUAGE_STANDARD = gnu99;
				GCC_DYNAMIC_NO_PIC = NO;
				GCC_NO_COMMON_BLOCKS = YES;
				GCC_OPTIMIZATION_LEVEL = 0;
				GCC_PREPROCESSOR_DEFINITIONS = (
					"DEBUG=1",
					"$(inherited)",
				);
				GCC_WARN_64_TO_32_BIT_CONVERSION = YES;
				GCC_WARN_ABOUT_RETURN_TYPE = YES_ERROR;
				GCC_WARN_UNDECLARED_SELECTOR = YES;
				GCC_WARN_UNINITIALIZED_AUTOS = YES_AGGRESSIVE;
				GCC_WARN_UNUSED_FUNCTION = YES;
				GCC_WARN_UNUSED_VARIABLE = YES;
				MTL_ENABLE_DEBUG_INFO = YES;
				ONLY_ACTIVE_ARCH = YES;
				SDKROOT = iphoneos;
				SWIFT_OPTIMIZATION_LEVEL = "-Onone";
				TARGETED_DEVICE_FAMILY = "1,2";
				VERSIONING_SYSTEM = "apple-generic";
				VERSION_INFO_PREFIX = "";
			};
			name = Debug;
		};
		A3034B871BFD61F4003F8705 /* Release */ = {
			isa = XCBuildConfiguration;
			buildSettings = {
				ALWAYS_SEARCH_USER_PATHS = NO;
				CLANG_CXX_LANGUAGE_STANDARD = "gnu++0x";
				CLANG_CXX_LIBRARY = "libc++";
				CLANG_ENABLE_MODULES = YES;
				CLANG_ENABLE_OBJC_ARC = YES;
				CLANG_WARN_BOOL_CONVERSION = YES;
				CLANG_WARN_CONSTANT_CONVERSION = YES;
				CLANG_WARN_DIRECT_OBJC_ISA_USAGE = YES_ERROR;
				CLANG_WARN_EMPTY_BODY = YES;
				CLANG_WARN_ENUM_CONVERSION = YES;
				CLANG_WARN_INT_CONVERSION = YES;
				CLANG_WARN_OBJC_ROOT_CLASS = YES_ERROR;
				CLANG_WARN_UNREACHABLE_CODE = YES;
				CLANG_WARN__DUPLICATE_METHOD_MATCH = YES;
				"CODE_SIGN_IDENTITY[sdk=iphoneos*]" = "iPhone Developer";
				COPY_PHASE_STRIP = NO;
				CURRENT_PROJECT_VERSION = 1;
				DEBUG_INFORMATION_FORMAT = "dwarf-with-dsym";
				ENABLE_NS_ASSERTIONS = NO;
				ENABLE_STRICT_OBJC_MSGSEND = YES;
				GCC_C_LANGUAGE_STANDARD = gnu99;
				GCC_NO_COMMON_BLOCKS = YES;
				GCC_WARN_64_TO_32_BIT_CONVERSION = YES;
				GCC_WARN_ABOUT_RETURN_TYPE = YES_ERROR;
				GCC_WARN_UNDECLARED_SELECTOR = YES;
				GCC_WARN_UNINITIALIZED_AUTOS = YES_AGGRESSIVE;
				GCC_WARN_UNUSED_FUNCTION = YES;
				GCC_WARN_UNUSED_VARIABLE = YES;
				MTL_ENABLE_DEBUG_INFO = NO;
				SDKROOT = iphoneos;
				TARGETED_DEVICE_FAMILY = "1,2";
				VALIDATE_PRODUCT = YES;
				VERSIONING_SYSTEM = "apple-generic";
				VERSION_INFO_PREFIX = "";
			};
			name = Release;
		};
		A3034B891BFD61F4003F8705 /* Debug */ = {
			isa = XCBuildConfiguration;
			buildSettings = {
				APPLICATION_EXTENSION_API_ONLY = YES;
				CLANG_ENABLE_MODULES = YES;
				DEFINES_MODULE = YES;
				DYLIB_COMPATIBILITY_VERSION = 1;
				DYLIB_CURRENT_VERSION = 1;
				DYLIB_INSTALL_NAME_BASE = "@rpath";
				FRAMEWORK_SEARCH_PATHS = (
					"$(inherited)",
					"$(PROJECT_DIR)/Carthage/Build/iOS",
				);
				INFOPLIST_FILE = "$(SRCROOT)/Source/Info.plist";
				INSTALL_PATH = "$(LOCAL_LIBRARY_DIR)/Frameworks";
				IPHONEOS_DEPLOYMENT_TARGET = 8.0;
				LD_DYLIB_INSTALL_NAME = "$(DYLIB_INSTALL_NAME_BASE:standardizepath)/$(EXECUTABLE_PATH)";
				LD_RUNPATH_SEARCH_PATHS = "$(inherited) @executable_path/Frameworks @loader_path/Frameworks";
				PRODUCT_BUNDLE_IDENTIFIER = com.goposse.ripper;
				PRODUCT_NAME = Ripper;
				SKIP_INSTALL = YES;
				SWIFT_OPTIMIZATION_LEVEL = "-Onone";
			};
			name = Debug;
		};
		A3034B8A1BFD61F4003F8705 /* Release */ = {
			isa = XCBuildConfiguration;
			buildSettings = {
				APPLICATION_EXTENSION_API_ONLY = YES;
				CLANG_ENABLE_MODULES = YES;
				DEFINES_MODULE = YES;
				DYLIB_COMPATIBILITY_VERSION = 1;
				DYLIB_CURRENT_VERSION = 1;
				DYLIB_INSTALL_NAME_BASE = "@rpath";
				FRAMEWORK_SEARCH_PATHS = (
					"$(inherited)",
					"$(PROJECT_DIR)/Carthage/Build/iOS",
				);
				INFOPLIST_FILE = "$(SRCROOT)/Source/Info.plist";
				INSTALL_PATH = "$(LOCAL_LIBRARY_DIR)/Frameworks";
				IPHONEOS_DEPLOYMENT_TARGET = 8.0;
				LD_DYLIB_INSTALL_NAME = "$(DYLIB_INSTALL_NAME_BASE:standardizepath)/$(EXECUTABLE_PATH)";
				LD_RUNPATH_SEARCH_PATHS = "$(inherited) @executable_path/Frameworks @loader_path/Frameworks";
				PRODUCT_BUNDLE_IDENTIFIER = com.goposse.ripper;
				PRODUCT_NAME = Ripper;
				SKIP_INSTALL = YES;
			};
			name = Release;
		};
/* End XCBuildConfiguration section */

/* Begin XCConfigurationList section */
		A3034B7A1BFD61F4003F8705 /* Build configuration list for PBXProject "Ripper" */ = {
			isa = XCConfigurationList;
			buildConfigurations = (
				A3034B861BFD61F4003F8705 /* Debug */,
				A3034B871BFD61F4003F8705 /* Release */,
			);
			defaultConfigurationIsVisible = 0;
			defaultConfigurationName = Release;
		};
		A3034B881BFD61F4003F8705 /* Build configuration list for PBXNativeTarget "Ripper iOS" */ = {
			isa = XCConfigurationList;
			buildConfigurations = (
				A3034B891BFD61F4003F8705 /* Debug */,
				A3034B8A1BFD61F4003F8705 /* Release */,
			);
			defaultConfigurationIsVisible = 0;
			defaultConfigurationName = Release;
		};
/* End XCConfigurationList section */
	};
	rootObject = A3034B771BFD61F4003F8705 /* Project object */;
}
